// !$*UTF8*$!
{
	archiveVersion = 1;
	classes = {
	};
	objectVersion = 56;
	objects = {

/* Begin PBXBuildFile section */
		4FE657CC2A5D83C900033DC0 /* ScrumdingerApp.swift in Sources */ = {isa = PBXBuildFile; fileRef = 4FE657CB2A5D83C900033DC0 /* ScrumdingerApp.swift */; };
		4FE657CE2A5D83C900033DC0 /* MeetingView.swift in Sources */ = {isa = PBXBuildFile; fileRef = 4FE657CD2A5D83C900033DC0 /* MeetingView.swift */; };
		4FE657D02A5D83CA00033DC0 /* Assets.xcassets in Resources */ = {isa = PBXBuildFile; fileRef = 4FE657CF2A5D83CA00033DC0 /* Assets.xcassets */; };
		4FE657D32A5D83CA00033DC0 /* Preview Assets.xcassets in Resources */ = {isa = PBXBuildFile; fileRef = 4FE657D22A5D83CA00033DC0 /* Preview Assets.xcassets */; };
		4FE657DD2A5D83CA00033DC0 /* ScrumdingerTests.swift in Sources */ = {isa = PBXBuildFile; fileRef = 4FE657DC2A5D83CA00033DC0 /* ScrumdingerTests.swift */; };
		4FE657E72A5D83CA00033DC0 /* ScrumdingerUITests.swift in Sources */ = {isa = PBXBuildFile; fileRef = 4FE657E62A5D83CA00033DC0 /* ScrumdingerUITests.swift */; };
		4FE657E92A5D83CA00033DC0 /* ScrumdingerUITestsLaunchTests.swift in Sources */ = {isa = PBXBuildFile; fileRef = 4FE657E82A5D83CA00033DC0 /* ScrumdingerUITestsLaunchTests.swift */; };
		4FE657F62A5D995100033DC0 /* .gitignore in Resources */ = {isa = PBXBuildFile; fileRef = 4FE657F52A5D995100033DC0 /* .gitignore */; };
		4FE657F92A5D9C3C00033DC0 /* Theme.swift in Sources */ = {isa = PBXBuildFile; fileRef = 4FE657F82A5D9C3C00033DC0 /* Theme.swift */; };
		4FE657FB2A5D9CF900033DC0 /* DailyScrum.swift in Sources */ = {isa = PBXBuildFile; fileRef = 4FE657FA2A5D9CF900033DC0 /* DailyScrum.swift */; };
		4FE657FD2A5D9FBF00033DC0 /* CardView.swift in Sources */ = {isa = PBXBuildFile; fileRef = 4FE657FC2A5D9FBF00033DC0 /* CardView.swift */; };
		4FE658012A5DBAEE00033DC0 /* TrailingIconLabelStyle.swift in Sources */ = {isa = PBXBuildFile; fileRef = 4FE658002A5DBAEE00033DC0 /* TrailingIconLabelStyle.swift */; };
		4FE658032A5DF78000033DC0 /* ScrumsView.swift in Sources */ = {isa = PBXBuildFile; fileRef = 4FE658022A5DF78000033DC0 /* ScrumsView.swift */; };
		4FE658052A5EF67400033DC0 /* DetailView.swift in Sources */ = {isa = PBXBuildFile; fileRef = 4FE658042A5EF67400033DC0 /* DetailView.swift */; };
		4FE658072A5F10D800033DC0 /* DetailEditView.swift in Sources */ = {isa = PBXBuildFile; fileRef = 4FE658062A5F10D800033DC0 /* DetailEditView.swift */; };
		4FE658092A5F216C00033DC0 /* ThemeView.swift in Sources */ = {isa = PBXBuildFile; fileRef = 4FE658082A5F216C00033DC0 /* ThemeView.swift */; };
		4FE6580B2A5F22D300033DC0 /* ThemePicker.swift in Sources */ = {isa = PBXBuildFile; fileRef = 4FE6580A2A5F22D300033DC0 /* ThemePicker.swift */; };
/* End PBXBuildFile section */

/* Begin PBXContainerItemProxy section */
		4FE657D92A5D83CA00033DC0 /* PBXContainerItemProxy */ = {
			isa = PBXContainerItemProxy;
			containerPortal = 4FE657C02A5D83C900033DC0 /* Project object */;
			proxyType = 1;
			remoteGlobalIDString = 4FE657C72A5D83C900033DC0;
			remoteInfo = Scrumdinger;
		};
		4FE657E32A5D83CA00033DC0 /* PBXContainerItemProxy */ = {
			isa = PBXContainerItemProxy;
			containerPortal = 4FE657C02A5D83C900033DC0 /* Project object */;
			proxyType = 1;
			remoteGlobalIDString = 4FE657C72A5D83C900033DC0;
			remoteInfo = Scrumdinger;
		};
/* End PBXContainerItemProxy section */

/* Begin PBXFileReference section */
		4FE657C82A5D83C900033DC0 /* Scrumdinger.app */ = {isa = PBXFileReference; explicitFileType = wrapper.application; includeInIndex = 0; path = Scrumdinger.app; sourceTree = BUILT_PRODUCTS_DIR; };
		4FE657CB2A5D83C900033DC0 /* ScrumdingerApp.swift */ = {isa = PBXFileReference; lastKnownFileType = sourcecode.swift; path = ScrumdingerApp.swift; sourceTree = "<group>"; };
		4FE657CD2A5D83C900033DC0 /* MeetingView.swift */ = {isa = PBXFileReference; lastKnownFileType = sourcecode.swift; path = MeetingView.swift; sourceTree = "<group>"; };
		4FE657CF2A5D83CA00033DC0 /* Assets.xcassets */ = {isa = PBXFileReference; lastKnownFileType = folder.assetcatalog; path = Assets.xcassets; sourceTree = "<group>"; };
		4FE657D22A5D83CA00033DC0 /* Preview Assets.xcassets */ = {isa = PBXFileReference; lastKnownFileType = folder.assetcatalog; path = "Preview Assets.xcassets"; sourceTree = "<group>"; };
		4FE657D82A5D83CA00033DC0 /* ScrumdingerTests.xctest */ = {isa = PBXFileReference; explicitFileType = wrapper.cfbundle; includeInIndex = 0; path = ScrumdingerTests.xctest; sourceTree = BUILT_PRODUCTS_DIR; };
		4FE657DC2A5D83CA00033DC0 /* ScrumdingerTests.swift */ = {isa = PBXFileReference; lastKnownFileType = sourcecode.swift; path = ScrumdingerTests.swift; sourceTree = "<group>"; };
		4FE657E22A5D83CA00033DC0 /* ScrumdingerUITests.xctest */ = {isa = PBXFileReference; explicitFileType = wrapper.cfbundle; includeInIndex = 0; path = ScrumdingerUITests.xctest; sourceTree = BUILT_PRODUCTS_DIR; };
		4FE657E62A5D83CA00033DC0 /* ScrumdingerUITests.swift */ = {isa = PBXFileReference; lastKnownFileType = sourcecode.swift; path = ScrumdingerUITests.swift; sourceTree = "<group>"; };
		4FE657E82A5D83CA00033DC0 /* ScrumdingerUITestsLaunchTests.swift */ = {isa = PBXFileReference; lastKnownFileType = sourcecode.swift; path = ScrumdingerUITestsLaunchTests.swift; sourceTree = "<group>"; };
		4FE657F52A5D995100033DC0 /* .gitignore */ = {isa = PBXFileReference; lastKnownFileType = text; path = .gitignore; sourceTree = "<group>"; };
		4FE657F82A5D9C3C00033DC0 /* Theme.swift */ = {isa = PBXFileReference; lastKnownFileType = sourcecode.swift; path = Theme.swift; sourceTree = "<group>"; };
		4FE657FA2A5D9CF900033DC0 /* DailyScrum.swift */ = {isa = PBXFileReference; lastKnownFileType = sourcecode.swift; path = DailyScrum.swift; sourceTree = "<group>"; };
		4FE657FC2A5D9FBF00033DC0 /* CardView.swift */ = {isa = PBXFileReference; lastKnownFileType = sourcecode.swift; path = CardView.swift; sourceTree = "<group>"; };
		4FE658002A5DBAEE00033DC0 /* TrailingIconLabelStyle.swift */ = {isa = PBXFileReference; lastKnownFileType = sourcecode.swift; path = TrailingIconLabelStyle.swift; sourceTree = "<group>"; };
		4FE658022A5DF78000033DC0 /* ScrumsView.swift */ = {isa = PBXFileReference; lastKnownFileType = sourcecode.swift; path = ScrumsView.swift; sourceTree = "<group>"; };
		4FE658042A5EF67400033DC0 /* DetailView.swift */ = {isa = PBXFileReference; lastKnownFileType = sourcecode.swift; path = DetailView.swift; sourceTree = "<group>"; };
		4FE658062A5F10D800033DC0 /* DetailEditView.swift */ = {isa = PBXFileReference; lastKnownFileType = sourcecode.swift; path = DetailEditView.swift; sourceTree = "<group>"; };
		4FE658082A5F216C00033DC0 /* ThemeView.swift */ = {isa = PBXFileReference; lastKnownFileType = sourcecode.swift; path = ThemeView.swift; sourceTree = "<group>"; };
		4FE6580A2A5F22D300033DC0 /* ThemePicker.swift */ = {isa = PBXFileReference; lastKnownFileType = sourcecode.swift; path = ThemePicker.swift; sourceTree = "<group>"; };
/* End PBXFileReference section */

/* Begin PBXFrameworksBuildPhase section */
		4FE657C52A5D83C900033DC0 /* Frameworks */ = {
			isa = PBXFrameworksBuildPhase;
			buildActionMask = 2147483647;
			files = (
			);
			runOnlyForDeploymentPostprocessing = 0;
		};
		4FE657D52A5D83CA00033DC0 /* Frameworks */ = {
			isa = PBXFrameworksBuildPhase;
			buildActionMask = 2147483647;
			files = (
			);
			runOnlyForDeploymentPostprocessing = 0;
		};
		4FE657DF2A5D83CA00033DC0 /* Frameworks */ = {
			isa = PBXFrameworksBuildPhase;
			buildActionMask = 2147483647;
			files = (
			);
			runOnlyForDeploymentPostprocessing = 0;
		};
/* End PBXFrameworksBuildPhase section */

/* Begin PBXGroup section */
		4FE657BF2A5D83C900033DC0 = {
			isa = PBXGroup;
			children = (
				4FE657F52A5D995100033DC0 /* .gitignore */,
				4FE657CA2A5D83C900033DC0 /* Scrumdinger */,
				4FE657DB2A5D83CA00033DC0 /* ScrumdingerTests */,
				4FE657E52A5D83CA00033DC0 /* ScrumdingerUITests */,
				4FE657C92A5D83C900033DC0 /* Products */,
			);
			sourceTree = "<group>";
		};
		4FE657C92A5D83C900033DC0 /* Products */ = {
			isa = PBXGroup;
			children = (
				4FE657C82A5D83C900033DC0 /* Scrumdinger.app */,
				4FE657D82A5D83CA00033DC0 /* ScrumdingerTests.xctest */,
				4FE657E22A5D83CA00033DC0 /* ScrumdingerUITests.xctest */,
			);
			name = Products;
			sourceTree = "<group>";
		};
		4FE657CA2A5D83C900033DC0 /* Scrumdinger */ = {
			isa = PBXGroup;
			children = (
				4FE657CF2A5D83CA00033DC0 /* Assets.xcassets */,
				4FE657FC2A5D9FBF00033DC0 /* CardView.swift */,
				4FE658062A5F10D800033DC0 /* DetailEditView.swift */,
				4FE658042A5EF67400033DC0 /* DetailView.swift */,
				4FE657CD2A5D83C900033DC0 /* MeetingView.swift */,
				4FE657F72A5D9C2F00033DC0 /* Models */,
				4FE657D12A5D83CA00033DC0 /* Preview Content */,
				4FE657CB2A5D83C900033DC0 /* ScrumdingerApp.swift */,
				4FE658022A5DF78000033DC0 /* ScrumsView.swift */,
				4FE658002A5DBAEE00033DC0 /* TrailingIconLabelStyle.swift */,
				4FE658082A5F216C00033DC0 /* ThemeView.swift */,
				4FE6580A2A5F22D300033DC0 /* ThemePicker.swift */,
			);
			path = Scrumdinger;
			sourceTree = "<group>";
		};
		4FE657D12A5D83CA00033DC0 /* Preview Content */ = {
			isa = PBXGroup;
			children = (
				4FE657D22A5D83CA00033DC0 /* Preview Assets.xcassets */,
			);
			path = "Preview Content";
			sourceTree = "<group>";
		};
		4FE657DB2A5D83CA00033DC0 /* ScrumdingerTests */ = {
			isa = PBXGroup;
			children = (
				4FE657DC2A5D83CA00033DC0 /* ScrumdingerTests.swift */,
			);
			path = ScrumdingerTests;
			sourceTree = "<group>";
		};
		4FE657E52A5D83CA00033DC0 /* ScrumdingerUITests */ = {
			isa = PBXGroup;
			children = (
				4FE657E62A5D83CA00033DC0 /* ScrumdingerUITests.swift */,
				4FE657E82A5D83CA00033DC0 /* ScrumdingerUITestsLaunchTests.swift */,
			);
			path = ScrumdingerUITests;
			sourceTree = "<group>";
		};
		4FE657F72A5D9C2F00033DC0 /* Models */ = {
			isa = PBXGroup;
			children = (
				4FE657F82A5D9C3C00033DC0 /* Theme.swift */,
				4FE657FA2A5D9CF900033DC0 /* DailyScrum.swift */,
			);
			path = Models;
			sourceTree = "<group>";
		};
/* End PBXGroup section */

/* Begin PBXNativeTarget section */
		4FE657C72A5D83C900033DC0 /* Scrumdinger */ = {
			isa = PBXNativeTarget;
			buildConfigurationList = 4FE657EC2A5D83CA00033DC0 /* Build configuration list for PBXNativeTarget "Scrumdinger" */;
			buildPhases = (
				4FE657C42A5D83C900033DC0 /* Sources */,
				4FE657C52A5D83C900033DC0 /* Frameworks */,
				4FE657C62A5D83C900033DC0 /* Resources */,
			);
			buildRules = (
			);
			dependencies = (
			);
			name = Scrumdinger;
			productName = Scrumdinger;
			productReference = 4FE657C82A5D83C900033DC0 /* Scrumdinger.app */;
			productType = "com.apple.product-type.application";
		};
		4FE657D72A5D83CA00033DC0 /* ScrumdingerTests */ = {
			isa = PBXNativeTarget;
			buildConfigurationList = 4FE657EF2A5D83CA00033DC0 /* Build configuration list for PBXNativeTarget "ScrumdingerTests" */;
			buildPhases = (
				4FE657D42A5D83CA00033DC0 /* Sources */,
				4FE657D52A5D83CA00033DC0 /* Frameworks */,
				4FE657D62A5D83CA00033DC0 /* Resources */,
			);
			buildRules = (
			);
			dependencies = (
				4FE657DA2A5D83CA00033DC0 /* PBXTargetDependency */,
			);
			name = ScrumdingerTests;
			productName = ScrumdingerTests;
			productReference = 4FE657D82A5D83CA00033DC0 /* ScrumdingerTests.xctest */;
			productType = "com.apple.product-type.bundle.unit-test";
		};
		4FE657E12A5D83CA00033DC0 /* ScrumdingerUITests */ = {
			isa = PBXNativeTarget;
			buildConfigurationList = 4FE657F22A5D83CA00033DC0 /* Build configuration list for PBXNativeTarget "ScrumdingerUITests" */;
			buildPhases = (
				4FE657DE2A5D83CA00033DC0 /* Sources */,
				4FE657DF2A5D83CA00033DC0 /* Frameworks */,
				4FE657E02A5D83CA00033DC0 /* Resources */,
			);
			buildRules = (
			);
			dependencies = (
				4FE657E42A5D83CA00033DC0 /* PBXTargetDependency */,
			);
			name = ScrumdingerUITests;
			productName = ScrumdingerUITests;
			productReference = 4FE657E22A5D83CA00033DC0 /* ScrumdingerUITests.xctest */;
			productType = "com.apple.product-type.bundle.ui-testing";
		};
/* End PBXNativeTarget section */

/* Begin PBXProject section */
		4FE657C02A5D83C900033DC0 /* Project object */ = {
			isa = PBXProject;
			attributes = {
				BuildIndependentTargetsInParallel = 1;
				LastSwiftUpdateCheck = 1430;
				LastUpgradeCheck = 1430;
				TargetAttributes = {
					4FE657C72A5D83C900033DC0 = {
						CreatedOnToolsVersion = 14.3.1;
					};
					4FE657D72A5D83CA00033DC0 = {
						CreatedOnToolsVersion = 14.3.1;
						TestTargetID = 4FE657C72A5D83C900033DC0;
					};
					4FE657E12A5D83CA00033DC0 = {
						CreatedOnToolsVersion = 14.3.1;
						TestTargetID = 4FE657C72A5D83C900033DC0;
					};
				};
			};
			buildConfigurationList = 4FE657C32A5D83C900033DC0 /* Build configuration list for PBXProject "Scrumdinger" */;
			compatibilityVersion = "Xcode 14.0";
			developmentRegion = en;
			hasScannedForEncodings = 0;
			knownRegions = (
				en,
				Base,
			);
			mainGroup = 4FE657BF2A5D83C900033DC0;
			productRefGroup = 4FE657C92A5D83C900033DC0 /* Products */;
			projectDirPath = "";
			projectRoot = "";
			targets = (
				4FE657C72A5D83C900033DC0 /* Scrumdinger */,
				4FE657D72A5D83CA00033DC0 /* ScrumdingerTests */,
				4FE657E12A5D83CA00033DC0 /* ScrumdingerUITests */,
			);
		};
/* End PBXProject section */

/* Begin PBXResourcesBuildPhase section */
		4FE657C62A5D83C900033DC0 /* Resources */ = {
			isa = PBXResourcesBuildPhase;
			buildActionMask = 2147483647;
			files = (
				4FE657D32A5D83CA00033DC0 /* Preview Assets.xcassets in Resources */,
				4FE657F62A5D995100033DC0 /* .gitignore in Resources */,
				4FE657D02A5D83CA00033DC0 /* Assets.xcassets in Resources */,
			);
			runOnlyForDeploymentPostprocessing = 0;
		};
		4FE657D62A5D83CA00033DC0 /* Resources */ = {
			isa = PBXResourcesBuildPhase;
			buildActionMask = 2147483647;
			files = (
			);
			runOnlyForDeploymentPostprocessing = 0;
		};
		4FE657E02A5D83CA00033DC0 /* Resources */ = {
			isa = PBXResourcesBuildPhase;
			buildActionMask = 2147483647;
			files = (
			);
			runOnlyForDeploymentPostprocessing = 0;
		};
/* End PBXResourcesBuildPhase section */

/* Begin PBXSourcesBuildPhase section */
		4FE657C42A5D83C900033DC0 /* Sources */ = {
			isa = PBXSourcesBuildPhase;
			buildActionMask = 2147483647;
			files = (
				4FE6580B2A5F22D300033DC0 /* ThemePicker.swift in Sources */,
				4FE657FB2A5D9CF900033DC0 /* DailyScrum.swift in Sources */,
				4FE658052A5EF67400033DC0 /* DetailView.swift in Sources */,
				4FE658072A5F10D800033DC0 /* DetailEditView.swift in Sources */,
				4FE658012A5DBAEE00033DC0 /* TrailingIconLabelStyle.swift in Sources */,
				4FE657F92A5D9C3C00033DC0 /* Theme.swift in Sources */,
				4FE658032A5DF78000033DC0 /* ScrumsView.swift in Sources */,
				4FE657CE2A5D83C900033DC0 /* MeetingView.swift in Sources */,
				4FE657CC2A5D83C900033DC0 /* ScrumdingerApp.swift in Sources */,
				4FE658092A5F216C00033DC0 /* ThemeView.swift in Sources */,
				4FE657FD2A5D9FBF00033DC0 /* CardView.swift in Sources */,
			);
			runOnlyForDeploymentPostprocessing = 0;
		};
		4FE657D42A5D83CA00033DC0 /* Sources */ = {
			isa = PBXSourcesBuildPhase;
			buildActionMask = 2147483647;
			files = (
				4FE657DD2A5D83CA00033DC0 /* ScrumdingerTests.swift in Sources */,
			);
			runOnlyForDeploymentPostprocessing = 0;
		};
		4FE657DE2A5D83CA00033DC0 /* Sources */ = {
			isa = PBXSourcesBuildPhase;
			buildActionMask = 2147483647;
			files = (
				4FE657E92A5D83CA00033DC0 /* ScrumdingerUITestsLaunchTests.swift in Sources */,
				4FE657E72A5D83CA00033DC0 /* ScrumdingerUITests.swift in Sources */,
			);
			runOnlyForDeploymentPostprocessing = 0;
		};
/* End PBXSourcesBuildPhase section */

/* Begin PBXTargetDependency section */
		4FE657DA2A5D83CA00033DC0 /* PBXTargetDependency */ = {
			isa = PBXTargetDependency;
			target = 4FE657C72A5D83C900033DC0 /* Scrumdinger */;
			targetProxy = 4FE657D92A5D83CA00033DC0 /* PBXContainerItemProxy */;
		};
		4FE657E42A5D83CA00033DC0 /* PBXTargetDependency */ = {
			isa = PBXTargetDependency;
			target = 4FE657C72A5D83C900033DC0 /* Scrumdinger */;
			targetProxy = 4FE657E32A5D83CA00033DC0 /* PBXContainerItemProxy */;
		};
/* End PBXTargetDependency section */

/* Begin XCBuildConfiguration section */
		4FE657EA2A5D83CA00033DC0 /* Debug */ = {
			isa = XCBuildConfiguration;
			buildSettings = {
				ALWAYS_SEARCH_USER_PATHS = NO;
				CLANG_ANALYZER_NONNULL = YES;
				CLANG_ANALYZER_NUMBER_OBJECT_CONVERSION = YES_AGGRESSIVE;
				CLANG_CXX_LANGUAGE_STANDARD = "gnu++20";
				CLANG_ENABLE_MODULES = YES;
				CLANG_ENABLE_OBJC_ARC = YES;
				CLANG_ENABLE_OBJC_WEAK = YES;
				CLANG_WARN_BLOCK_CAPTURE_AUTORELEASING = YES;
				CLANG_WARN_BOOL_CONVERSION = YES;
				CLANG_WARN_COMMA = YES;
				CLANG_WARN_CONSTANT_CONVERSION = YES;
				CLANG_WARN_DEPRECATED_OBJC_IMPLEMENTATIONS = YES;
				CLANG_WARN_DIRECT_OBJC_ISA_USAGE = YES_ERROR;
				CLANG_WARN_DOCUMENTATION_COMMENTS = YES;
				CLANG_WARN_EMPTY_BODY = YES;
				CLANG_WARN_ENUM_CONVERSION = YES;
				CLANG_WARN_INFINITE_RECURSION = YES;
				CLANG_WARN_INT_CONVERSION = YES;
				CLANG_WARN_NON_LITERAL_NULL_CONVERSION = YES;
				CLANG_WARN_OBJC_IMPLICIT_RETAIN_SELF = YES;
				CLANG_WARN_OBJC_LITERAL_CONVERSION = YES;
				CLANG_WARN_OBJC_ROOT_CLASS = YES_ERROR;
				CLANG_WARN_QUOTED_INCLUDE_IN_FRAMEWORK_HEADER = YES;
				CLANG_WARN_RANGE_LOOP_ANALYSIS = YES;
				CLANG_WARN_STRICT_PROTOTYPES = YES;
				CLANG_WARN_SUSPICIOUS_MOVE = YES;
				CLANG_WARN_UNGUARDED_AVAILABILITY = YES_AGGRESSIVE;
				CLANG_WARN_UNREACHABLE_CODE = YES;
				CLANG_WARN__DUPLICATE_METHOD_MATCH = YES;
				COPY_PHASE_STRIP = NO;
				DEBUG_INFORMATION_FORMAT = dwarf;
				ENABLE_STRICT_OBJC_MSGSEND = YES;
				ENABLE_TESTABILITY = YES;
				GCC_C_LANGUAGE_STANDARD = gnu11;
				GCC_DYNAMIC_NO_PIC = NO;
				GCC_NO_COMMON_BLOCKS = YES;
				GCC_OPTIMIZATION_LEVEL = 0;
				GCC_PREPROCESSOR_DEFINITIONS = (
					"DEBUG=1",
					"$(inherited)",
				);
				GCC_WARN_64_TO_32_BIT_CONVERSION = YES;
				GCC_WARN_ABOUT_RETURN_TYPE = YES_ERROR;
				GCC_WARN_UNDECLARED_SELECTOR = YES;
				GCC_WARN_UNINITIALIZED_AUTOS = YES_AGGRESSIVE;
				GCC_WARN_UNUSED_FUNCTION = YES;
				GCC_WARN_UNUSED_VARIABLE = YES;
				IPHONEOS_DEPLOYMENT_TARGET = 16.4;
				MTL_ENABLE_DEBUG_INFO = INCLUDE_SOURCE;
				MTL_FAST_MATH = YES;
				ONLY_ACTIVE_ARCH = YES;
				SDKROOT = iphoneos;
				SWIFT_ACTIVE_COMPILATION_CONDITIONS = DEBUG;
				SWIFT_OPTIMIZATION_LEVEL = "-Onone";
			};
			name = Debug;
		};
		4FE657EB2A5D83CA00033DC0 /* Release */ = {
			isa = XCBuildConfiguration;
			buildSettings = {
				ALWAYS_SEARCH_USER_PATHS = NO;
				CLANG_ANALYZER_NONNULL = YES;
				CLANG_ANALYZER_NUMBER_OBJECT_CONVERSION = YES_AGGRESSIVE;
				CLANG_CXX_LANGUAGE_STANDARD = "gnu++20";
				CLANG_ENABLE_MODULES = YES;
				CLANG_ENABLE_OBJC_ARC = YES;
				CLANG_ENABLE_OBJC_WEAK = YES;
				CLANG_WARN_BLOCK_CAPTURE_AUTORELEASING = YES;
				CLANG_WARN_BOOL_CONVERSION = YES;
				CLANG_WARN_COMMA = YES;
				CLANG_WARN_CONSTANT_CONVERSION = YES;
				CLANG_WARN_DEPRECATED_OBJC_IMPLEMENTATIONS = YES;
				CLANG_WARN_DIRECT_OBJC_ISA_USAGE = YES_ERROR;
				CLANG_WARN_DOCUMENTATION_COMMENTS = YES;
				CLANG_WARN_EMPTY_BODY = YES;
				CLANG_WARN_ENUM_CONVERSION = YES;
				CLANG_WARN_INFINITE_RECURSION = YES;
				CLANG_WARN_INT_CONVERSION = YES;
				CLANG_WARN_NON_LITERAL_NULL_CONVERSION = YES;
				CLANG_WARN_OBJC_IMPLICIT_RETAIN_SELF = YES;
				CLANG_WARN_OBJC_LITERAL_CONVERSION = YES;
				CLANG_WARN_OBJC_ROOT_CLASS = YES_ERROR;
				CLANG_WARN_QUOTED_INCLUDE_IN_FRAMEWORK_HEADER = YES;
				CLANG_WARN_RANGE_LOOP_ANALYSIS = YES;
				CLANG_WARN_STRICT_PROTOTYPES = YES;
				CLANG_WARN_SUSPICIOUS_MOVE = YES;
				CLANG_WARN_UNGUARDED_AVAILABILITY = YES_AGGRESSIVE;
				CLANG_WARN_UNREACHABLE_CODE = YES;
				CLANG_WARN__DUPLICATE_METHOD_MATCH = YES;
				COPY_PHASE_STRIP = NO;
				DEBUG_INFORMATION_FORMAT = "dwarf-with-dsym";
				ENABLE_NS_ASSERTIONS = NO;
				ENABLE_STRICT_OBJC_MSGSEND = YES;
				GCC_C_LANGUAGE_STANDARD = gnu11;
				GCC_NO_COMMON_BLOCKS = YES;
				GCC_WARN_64_TO_32_BIT_CONVERSION = YES;
				GCC_WARN_ABOUT_RETURN_TYPE = YES_ERROR;
				GCC_WARN_UNDECLARED_SELECTOR = YES;
				GCC_WARN_UNINITIALIZED_AUTOS = YES_AGGRESSIVE;
				GCC_WARN_UNUSED_FUNCTION = YES;
				GCC_WARN_UNUSED_VARIABLE = YES;
				IPHONEOS_DEPLOYMENT_TARGET = 16.4;
				MTL_ENABLE_DEBUG_INFO = NO;
				MTL_FAST_MATH = YES;
				SDKROOT = iphoneos;
				SWIFT_COMPILATION_MODE = wholemodule;
				SWIFT_OPTIMIZATION_LEVEL = "-O";
				VALIDATE_PRODUCT = YES;
			};
			name = Release;
		};
		4FE657ED2A5D83CA00033DC0 /* Debug */ = {
			isa = XCBuildConfiguration;
			buildSettings = {
				ASSETCATALOG_COMPILER_APPICON_NAME = AppIcon;
				ASSETCATALOG_COMPILER_GLOBAL_ACCENT_COLOR_NAME = AccentColor;
				CODE_SIGN_STYLE = Automatic;
				CURRENT_PROJECT_VERSION = 1;
				DEVELOPMENT_ASSET_PATHS = "\"Scrumdinger/Preview Content\"";
				DEVELOPMENT_TEAM = A94T45M978;
				ENABLE_PREVIEWS = YES;
				GENERATE_INFOPLIST_FILE = YES;
				INFOPLIST_KEY_UIApplicationSceneManifest_Generation = YES;
				INFOPLIST_KEY_UIApplicationSupportsIndirectInputEvents = YES;
				INFOPLIST_KEY_UILaunchScreen_Generation = YES;
				INFOPLIST_KEY_UISupportedInterfaceOrientations_iPad = "UIInterfaceOrientationPortrait UIInterfaceOrientationPortraitUpsideDown UIInterfaceOrientationLandscapeLeft UIInterfaceOrientationLandscapeRight";
				INFOPLIST_KEY_UISupportedInterfaceOrientations_iPhone = "UIInterfaceOrientationPortrait UIInterfaceOrientationLandscapeLeft UIInterfaceOrientationLandscapeRight";
				LD_RUNPATH_SEARCH_PATHS = (
					"$(inherited)",
					"@executable_path/Frameworks",
				);
				MARKETING_VERSION = 1.0;
				PRODUCT_BUNDLE_IDENTIFIER = software.puppy.Scrumdinger;
				PRODUCT_NAME = "$(TARGET_NAME)";
				SWIFT_EMIT_LOC_STRINGS = YES;
				SWIFT_VERSION = 5.0;
				TARGETED_DEVICE_FAMILY = "1,2";
			};
			name = Debug;
		};
		4FE657EE2A5D83CA00033DC0 /* Release */ = {
			isa = XCBuildConfiguration;
			buildSettings = {
				ASSETCATALOG_COMPILER_APPICON_NAME = AppIcon;
				ASSETCATALOG_COMPILER_GLOBAL_ACCENT_COLOR_NAME = AccentColor;
				CODE_SIGN_STYLE = Automatic;
				CURRENT_PROJECT_VERSION = 1;
				DEVELOPMENT_ASSET_PATHS = "\"Scrumdinger/Preview Content\"";
				DEVELOPMENT_TEAM = A94T45M978;
				ENABLE_PREVIEWS = YES;
				GENERATE_INFOPLIST_FILE = YES;
				INFOPLIST_KEY_UIApplicationSceneManifest_Generation = YES;
				INFOPLIST_KEY_UIApplicationSupportsIndirectInputEvents = YES;
				INFOPLIST_KEY_UILaunchScreen_Generation = YES;
				INFOPLIST_KEY_UISupportedInterfaceOrientations_iPad = "UIInterfaceOrientationPortrait UIInterfaceOrientationPortraitUpsideDown UIInterfaceOrientationLandscapeLeft UIInterfaceOrientationLandscapeRight";
				INFOPLIST_KEY_UISupportedInterfaceOrientations_iPhone = "UIInterfaceOrientationPortrait UIInterfaceOrientationLandscapeLeft UIInterfaceOrientationLandscapeRight";
				LD_RUNPATH_SEARCH_PATHS = (
					"$(inherited)",
					"@executable_path/Frameworks",
				);
				MARKETING_VERSION = 1.0;
				PRODUCT_BUNDLE_IDENTIFIER = software.puppy.Scrumdinger;
				PRODUCT_NAME = "$(TARGET_NAME)";
				SWIFT_EMIT_LOC_STRINGS = YES;
				SWIFT_VERSION = 5.0;
				TARGETED_DEVICE_FAMILY = "1,2";
			};
			name = Release;
		};
		4FE657F02A5D83CA00033DC0 /* Debug */ = {
			isa = XCBuildConfiguration;
			buildSettings = {
				ALWAYS_EMBED_SWIFT_STANDARD_LIBRARIES = YES;
				BUNDLE_LOADER = "$(TEST_HOST)";
				CODE_SIGN_STYLE = Automatic;
				CURRENT_PROJECT_VERSION = 1;
				GENERATE_INFOPLIST_FILE = YES;
				IPHONEOS_DEPLOYMENT_TARGET = 16.4;
				MARKETING_VERSION = 1.0;
				PRODUCT_BUNDLE_IDENTIFIER = software.puppy.ScrumdingerTests;
				PRODUCT_NAME = "$(TARGET_NAME)";
				SWIFT_EMIT_LOC_STRINGS = NO;
				SWIFT_VERSION = 5.0;
				TARGETED_DEVICE_FAMILY = "1,2";
				TEST_HOST = "$(BUILT_PRODUCTS_DIR)/Scrumdinger.app/$(BUNDLE_EXECUTABLE_FOLDER_PATH)/Scrumdinger";
			};
			name = Debug;
		};
		4FE657F12A5D83CA00033DC0 /* Release */ = {
			isa = XCBuildConfiguration;
			buildSettings = {
				ALWAYS_EMBED_SWIFT_STANDARD_LIBRARIES = YES;
				BUNDLE_LOADER = "$(TEST_HOST)";
				CODE_SIGN_STYLE = Automatic;
				CURRENT_PROJECT_VERSION = 1;
				GENERATE_INFOPLIST_FILE = YES;
				IPHONEOS_DEPLOYMENT_TARGET = 16.4;
				MARKETING_VERSION = 1.0;
				PRODUCT_BUNDLE_IDENTIFIER = software.puppy.ScrumdingerTests;
				PRODUCT_NAME = "$(TARGET_NAME)";
				SWIFT_EMIT_LOC_STRINGS = NO;
				SWIFT_VERSION = 5.0;
				TARGETED_DEVICE_FAMILY = "1,2";
				TEST_HOST = "$(BUILT_PRODUCTS_DIR)/Scrumdinger.app/$(BUNDLE_EXECUTABLE_FOLDER_PATH)/Scrumdinger";
			};
			name = Release;
		};
		4FE657F32A5D83CA00033DC0 /* Debug */ = {
			isa = XCBuildConfiguration;
			buildSettings = {
				ALWAYS_EMBED_SWIFT_STANDARD_LIBRARIES = YES;
				CODE_SIGN_STYLE = Automatic;
				CURRENT_PROJECT_VERSION = 1;
				GENERATE_INFOPLIST_FILE = YES;
				MARKETING_VERSION = 1.0;
				PRODUCT_BUNDLE_IDENTIFIER = software.puppy.ScrumdingerUITests;
				PRODUCT_NAME = "$(TARGET_NAME)";
				SWIFT_EMIT_LOC_STRINGS = NO;
				SWIFT_VERSION = 5.0;
				TARGETED_DEVICE_FAMILY = "1,2";
				TEST_TARGET_NAME = Scrumdinger;
			};
			name = Debug;
		};
		4FE657F42A5D83CA00033DC0 /* Release */ = {
			isa = XCBuildConfiguration;
			buildSettings = {
				ALWAYS_EMBED_SWIFT_STANDARD_LIBRARIES = YES;
				CODE_SIGN_STYLE = Automatic;
				CURRENT_PROJECT_VERSION = 1;
				GENERATE_INFOPLIST_FILE = YES;
				MARKETING_VERSION = 1.0;
				PRODUCT_BUNDLE_IDENTIFIER = software.puppy.ScrumdingerUITests;
				PRODUCT_NAME = "$(TARGET_NAME)";
				SWIFT_EMIT_LOC_STRINGS = NO;
				SWIFT_VERSION = 5.0;
				TARGETED_DEVICE_FAMILY = "1,2";
				TEST_TARGET_NAME = Scrumdinger;
			};
			name = Release;
		};
/* End XCBuildConfiguration section */

/* Begin XCConfigurationList section */
		4FE657C32A5D83C900033DC0 /* Build configuration list for PBXProject "Scrumdinger" */ = {
			isa = XCConfigurationList;
			buildConfigurations = (
				4FE657EA2A5D83CA00033DC0 /* Debug */,
				4FE657EB2A5D83CA00033DC0 /* Release */,
			);
			defaultConfigurationIsVisible = 0;
			defaultConfigurationName = Release;
		};
		4FE657EC2A5D83CA00033DC0 /* Build configuration list for PBXNativeTarget "Scrumdinger" */ = {
			isa = XCConfigurationList;
			buildConfigurations = (
				4FE657ED2A5D83CA00033DC0 /* Debug */,
				4FE657EE2A5D83CA00033DC0 /* Release */,
			);
			defaultConfigurationIsVisible = 0;
			defaultConfigurationName = Release;
		};
		4FE657EF2A5D83CA00033DC0 /* Build configuration list for PBXNativeTarget "ScrumdingerTests" */ = {
			isa = XCConfigurationList;
			buildConfigurations = (
				4FE657F02A5D83CA00033DC0 /* Debug */,
				4FE657F12A5D83CA00033DC0 /* Release */,
			);
			defaultConfigurationIsVisible = 0;
			defaultConfigurationName = Release;
		};
		4FE657F22A5D83CA00033DC0 /* Build configuration list for PBXNativeTarget "ScrumdingerUITests" */ = {
			isa = XCConfigurationList;
			buildConfigurations = (
				4FE657F32A5D83CA00033DC0 /* Debug */,
				4FE657F42A5D83CA00033DC0 /* Release */,
			);
			defaultConfigurationIsVisible = 0;
			defaultConfigurationName = Release;
		};
/* End XCConfigurationList section */
	};
	rootObject = 4FE657C02A5D83C900033DC0 /* Project object */;
}
